
Microsoft Visual Studio Solution File, Format Version 12.00
# Visual Studio Version 16
VisualStudioVersion = 16.0.30204.135
MinimumVisualStudioVersion = 10.0.40219.1
Project("{FAE04EC0-301F-11D3-BF4B-00C04F79EFBC}") = "ShardingDemo", "ShardingDemo\ShardingDemo.csproj", "{78C3A9F7-8393-4FB0-B062-BDBA325C77DC}"
EndProject
Global
	GlobalSection(SolutionConfigurationPlatforms) = preSolution
		Debug|Any CPU = Debug|Any CPU
		Release|Any CPU = Release|Any CPU
	EndGlobalSection
	GlobalSection(ProjectConfigurationPlatforms) = postSolution
		{78C3A9F7-8393-4FB0-B062-BDBA325C77DC}.Debug|Any CPU.ActiveCfg = Debug|Any CPU
		{78C3A9F7-8393-4FB0-B062-BDBA325C77DC}.Debug|Any CPU.Build.0 = Debug|Any CPU
		{78C3A9F7-8393-4FB0-B062-BDBA325C77DC}.Release|Any CPU.ActiveCfg = Release|Any CPU
		{78C3A9F7-8393-4FB0-B062-BDBA325C77DC}.Release|Any CPU.Build.0 = Release|Any CPU
	EndGlobalSection
	GlobalSection(SolutionProperties) = preSolution
		HideSolutionNode = FALSE
	EndGlobalSection
	GlobalSection(ExtensibilityGlobals) = postSolution
		SolutionGuid = {27688358-EC18-45A7-908B-1C8B0DA73DF5}
	EndGlobalSection
EndGlobal
